
Microsoft Visual Studio Solution File, Format Version 12.00
# Visual Studio Version 16
VisualStudioVersion = 16.0.30204.135
MinimumVisualStudioVersion = 10.0.40219.1
Project("{8BC9CEB8-8B4A-11D0-8D11-00A0C91BC942}") = "KBChatServer", "KBChatServer\KBChatServer.vcxproj", "{2B002AEB-315B-40D2-A965-2AC44EB0458C}"
EndProject
Global
	GlobalSection(SolutionConfigurationPlatforms) = preSolution
		Debug|Win32 = Debug|Win32
		Debug|x64 = Debug|x64
		Release|Win32 = Release|Win32
		Release|x64 = Release|x64
	EndGlobalSection
	GlobalSection(ProjectConfigurationPlatforms) = postSolution
		{2B002AEB-315B-40D2-A965-2AC44EB0458C}.Debug|Win32.ActiveCfg = Debug|Win32
		{2B002AEB-315B-40D2-A965-2AC44EB0458C}.Debug|Win32.Build.0 = Debug|Win32
		{2B002AEB-315B-40D2-A965-2AC44EB0458C}.Debug|x64.ActiveCfg = Debug|x64
		{2B002AEB-315B-40D2-A965-2AC44EB0458C}.Debug|x64.Build.0 = Debug|x64
		{2B002AEB-315B-40D2-A965-2AC44EB0458C}.Release|Win32.ActiveCfg = Release|Win32
		{2B002AEB-315B-40D2-A965-2AC44EB0458C}.Release|Win32.Build.0 = Release|Win32
		{2B002AEB-315B-40D2-A965-2AC44EB0458C}.Release|x64.ActiveCfg = Release|x64
		{2B002AEB-315B-40D2-A965-2AC44EB0458C}.Release|x64.Build.0 = Release|x64
	EndGlobalSection
	GlobalSection(SolutionProperties) = preSolution
		HideSolutionNode = FALSE
	EndGlobalSection
	GlobalSection(ExtensibilityGlobals) = postSolution
		SolutionGuid = {A7DC3A54-2683-4954-8A01-619E4D0D12E9}
	EndGlobalSection
EndGlobal
